# This file is autogenerated, do not edit; changes may be undone by the next 'dep ensure'.


[[projects]]
  digest = "1:ffe9824d294da03b391f44e1ae8281281b4afc1bdaa9588c9097785e3af10cec"
  name = "github.com/davecgh/go-spew"
  packages = ["spew"]
  pruneopts = "UT"
  revision = "8991bc29aa16c548c550c7ff78260e27b9ab7c73"
  version = "v1.1.1"

[[projects]]
  branch = "master"
  digest = "1:78102ee4d536347316bc42e818340cc50902e45dbd7fdd524c5a1fc0cb07b588"
  name = "github.com/globalsign/mgo"
  packages = [
    ".",
    "bson",
    "internal/json",
    "internal/sasl",
    "internal/scram",
  ]
  pruneopts = "UT"
  revision = "eeefdecb41b842af6dc652aaea4026e8403e62df"

[[projects]]
  digest = "1:f97285a3b0a496dcf8801072622230d513f69175665d94de60eb042d03387f6c"
  name = "github.com/julienschmidt/httprouter"
  packages = ["."]
  pruneopts = "UT"
  revision = "348b672cd90d8190f8240323e372ecd1e66b59dc"
  version = "v1.2.0"

[[projects]]
  branch = "master"
  digest = "1:5c290a4d4c836581d359fb357d2875b2babfd95b09f5652368bd833cecfccb55"
  name = "github.com/lestrrat-go/jwx"
  packages = [
    "internal/base64",
    "internal/option",
    "jwa",
    "jwk",
    "jws",
    "jws/sign",
    "jws/verify",
  ]
  pruneopts = "UT"
  revision = "0d477e6a1f0ec69634840308e3873fe71d928dd0"

[[projects]]
  branch = "master"
  digest = "1:992a4e430ab23874d31778dc2a17ba41e7733a9cfd151d1ee8476b46a828e7f5"
  name = "github.com/lestrrat-go/pdebug"
  packages = ["."]
  pruneopts = "UT"
  revision = "39f9a71bcabe9432cbdfe4d3d33f41988acd2ce6"

[[projects]]
  branch = "develop"
  digest = "1:63d6ab3651c83caf758fbf0d62575bee355b0300b01cd21ab82f3464dc3744b8"
  name = "github.com/okta/okta-jwt-verifier-golang"
  packages = [
    ".",
    "adaptors",
    "adaptors/lestrratGoJwx",
    "discovery",
    "discovery/oidc",
    "errors",
  ]
  pruneopts = "UT"
  revision = "04702def3e1b9b1c6b419c9c3aae1ec184a5d4b2"

[[projects]]
  digest = "1:cf31692c14422fa27c83a05292eb5cbe0fb2775972e8f1f8446a71549bd8980b"
  name = "github.com/pkg/errors"
  packages = ["."]
  pruneopts = "UT"
  revision = "ba968bfe8b2f7e042a574c888954fccecfa385b4"
  version = "v0.8.1"

[[projects]]
  digest = "1:b0c25f00bad20d783d259af2af8666969e2fc343fa0dc9efe52936bbd67fb758"
  name = "github.com/rs/cors"
  packages = ["."]
  pruneopts = "UT"
  revision = "9a47f48565a795472d43519dd49aac781f3034fb"
  version = "v1.6.0"

[solve-meta]
  analyzer-name = "dep"
  analyzer-version = 1
  input-imports = [
    "github.com/globalsign/mgo",
    "github.com/globalsign/mgo/bson",
    "github.com/julienschmidt/httprouter",
    "github.com/okta/okta-jwt-verifier-golang",
    "github.com/rs/cors",
  ]
  solver-name = "gps-cdcl"
  solver-version = 1
